
Microsoft Visual Studio Solution File, Format Version 12.00
# Visual Studio 15
VisualStudioVersion = 15.0.26730.16
MinimumVisualStudioVersion = 10.0.40219.1
Project("{FAE04EC0-301F-11D3-BF4B-00C04F79EFBC}") = "ElasticSearch.Poc", "ElasticSearch.Poc\ElasticSearch.Poc.csproj", "{22BADD71-F9D6-4BE3-9AC8-EF6381B79951}"
EndProject
Global
	GlobalSection(SolutionConfigurationPlatforms) = preSolution
		Debug|Any CPU = Debug|Any CPU
		Release|Any CPU = Release|Any CPU
	EndGlobalSection
	GlobalSection(ProjectConfigurationPlatforms) = postSolution
		{22BADD71-F9D6-4BE3-9AC8-EF6381B79951}.Debug|Any CPU.ActiveCfg = Debug|Any CPU
		{22BADD71-F9D6-4BE3-9AC8-EF6381B79951}.Debug|Any CPU.Build.0 = Debug|Any CPU
		{22BADD71-F9D6-4BE3-9AC8-EF6381B79951}.Release|Any CPU.ActiveCfg = Release|Any CPU
		{22BADD71-F9D6-4BE3-9AC8-EF6381B79951}.Release|Any CPU.Build.0 = Release|Any CPU
	EndGlobalSection
	GlobalSection(SolutionProperties) = preSolution
		HideSolutionNode = FALSE
	EndGlobalSection
	GlobalSection(ExtensibilityGlobals) = postSolution
		SolutionGuid = {D198CB8A-D7F4-4B82-91C7-8C9A85F074F8}
	EndGlobalSection
EndGlobal
